
Microsoft Visual Studio Solution File, Format Version 12.00
# Visual Studio Version 17
VisualStudioVersion = 17.13.35931.197 d17.13
MinimumVisualStudioVersion = 10.0.40219.1
Project("{FAE04EC0-301F-11D3-BF4B-00C04F79EFBC}") = "ServiciosTelemedicina", "ServiciosTelemedicina.csproj", "{04FC11E5-D11C-4B34-8860-F7F63370FB7F}"
EndProject
Global
	GlobalSection(SolutionConfigurationPlatforms) = preSolution
		Debug|Any CPU = Debug|Any CPU
		Release|Any CPU = Release|Any CPU
	EndGlobalSection
	GlobalSection(ProjectConfigurationPlatforms) = postSolution
		{04FC11E5-D11C-4B34-8860-F7F63370FB7F}.Debug|Any CPU.ActiveCfg = Debug|Any CPU
		{04FC11E5-D11C-4B34-8860-F7F63370FB7F}.Debug|Any CPU.Build.0 = Debug|Any CPU
		{04FC11E5-D11C-4B34-8860-F7F63370FB7F}.Release|Any CPU.ActiveCfg = Release|Any CPU
		{04FC11E5-D11C-4B34-8860-F7F63370FB7F}.Release|Any CPU.Build.0 = Release|Any CPU
	EndGlobalSection
	GlobalSection(SolutionProperties) = preSolution
		HideSolutionNode = FALSE
	EndGlobalSection
	GlobalSection(ExtensibilityGlobals) = postSolution
		SolutionGuid = {768E425C-0A0A-42E1-A90E-E45FA6349901}
	EndGlobalSection
EndGlobal
